// !$*UTF8*$!
{
	archiveVersion = 1;
	classes = {
	};
	objectVersion = 50;
	objects = {

/* Begin PBXBuildFile section */
		7895257E2228DFBE00857EC9 /* AppDelegate.swift in Sources */ = {isa = PBXBuildFile; fileRef = 7895257D2228DFBE00857EC9 /* AppDelegate.swift */; };
		789525802228DFBE00857EC9 /* ViewController.swift in Sources */ = {isa = PBXBuildFile; fileRef = 7895257F2228DFBE00857EC9 /* ViewController.swift */; };
		789525832228DFBE00857EC9 /* Main.storyboard in Resources */ = {isa = PBXBuildFile; fileRef = 789525812228DFBE00857EC9 /* Main.storyboard */; };
		789525852228DFBF00857EC9 /* Assets.xcassets in Resources */ = {isa = PBXBuildFile; fileRef = 789525842228DFBF00857EC9 /* Assets.xcassets */; };
		789525882228DFBF00857EC9 /* LaunchScreen.storyboard in Resources */ = {isa = PBXBuildFile; fileRef = 789525862228DFBF00857EC9 /* LaunchScreen.storyboard */; };
		78C26F7E222A697A004C27B7 /* Deliverable.framework in Frameworks */ = {isa = PBXBuildFile; fileRef = 78C26F7C222A696E004C27B7 /* Deliverable.framework */; };
		78C26F7F222A697A004C27B7 /* Deliverable.framework in Embed Frameworks */ = {isa = PBXBuildFile; fileRef = 78C26F7C222A696E004C27B7 /* Deliverable.framework */; settings = {ATTRIBUTES = (CodeSignOnCopy, RemoveHeadersOnCopy, ); }; };
		78C26F82222A69C4004C27B7 /* SignupInformation.swift in Sources */ = {isa = PBXBuildFile; fileRef = 78C26F81222A69C4004C27B7 /* SignupInformation.swift */; };
		78C26F86222A7666004C27B7 /* GatherSignupInformation.swift in Sources */ = {isa = PBXBuildFile; fileRef = 78C26F85222A7666004C27B7 /* GatherSignupInformation.swift */; };
/* End PBXBuildFile section */

/* Begin PBXCopyFilesBuildPhase section */
		78C26F80222A697A004C27B7 /* Embed Frameworks */ = {
			isa = PBXCopyFilesBuildPhase;
			buildActionMask = 2147483647;
			dstPath = "";
			dstSubfolderSpec = 10;
			files = (
				78C26F7F222A697A004C27B7 /* Deliverable.framework in Embed Frameworks */,
			);
			name = "Embed Frameworks";
			runOnlyForDeploymentPostprocessing = 0;
		};
/* End PBXCopyFilesBuildPhase section */

/* Begin PBXFileReference section */
		7895257A2228DFBE00857EC9 /* DeliverableExample.app */ = {isa = PBXFileReference; explicitFileType = wrapper.application; includeInIndex = 0; path = DeliverableExample.app; sourceTree = BUILT_PRODUCTS_DIR; };
		7895257D2228DFBE00857EC9 /* AppDelegate.swift */ = {isa = PBXFileReference; lastKnownFileType = sourcecode.swift; path = AppDelegate.swift; sourceTree = "<group>"; };
		7895257F2228DFBE00857EC9 /* ViewController.swift */ = {isa = PBXFileReference; lastKnownFileType = sourcecode.swift; path = ViewController.swift; sourceTree = "<group>"; };
		789525822228DFBE00857EC9 /* Base */ = {isa = PBXFileReference; lastKnownFileType = file.storyboard; name = Base; path = Base.lproj/Main.storyboard; sourceTree = "<group>"; };
		789525842228DFBF00857EC9 /* Assets.xcassets */ = {isa = PBXFileReference; lastKnownFileType = folder.assetcatalog; path = Assets.xcassets; sourceTree = "<group>"; };
		789525872228DFBF00857EC9 /* Base */ = {isa = PBXFileReference; lastKnownFileType = file.storyboard; name = Base; path = Base.lproj/LaunchScreen.storyboard; sourceTree = "<group>"; };
		789525892228DFBF00857EC9 /* Info.plist */ = {isa = PBXFileReference; lastKnownFileType = text.plist.xml; path = Info.plist; sourceTree = "<group>"; };
		78C26F7C222A696E004C27B7 /* Deliverable.framework */ = {isa = PBXFileReference; explicitFileType = wrapper.framework; path = Deliverable.framework; sourceTree = BUILT_PRODUCTS_DIR; };
		78C26F81222A69C4004C27B7 /* SignupInformation.swift */ = {isa = PBXFileReference; lastKnownFileType = sourcecode.swift; path = SignupInformation.swift; sourceTree = "<group>"; };
		78C26F85222A7666004C27B7 /* GatherSignupInformation.swift */ = {isa = PBXFileReference; lastKnownFileType = sourcecode.swift; path = GatherSignupInformation.swift; sourceTree = "<group>"; };
/* End PBXFileReference section */

/* Begin PBXFrameworksBuildPhase section */
		789525772228DFBE00857EC9 /* Frameworks */ = {
			isa = PBXFrameworksBuildPhase;
			buildActionMask = 2147483647;
			files = (
				78C26F7E222A697A004C27B7 /* Deliverable.framework in Frameworks */,
			);
			runOnlyForDeploymentPostprocessing = 0;
		};
/* End PBXFrameworksBuildPhase section */

/* Begin PBXGroup section */
		789525712228DFBE00857EC9 = {
			isa = PBXGroup;
			children = (
				7895257C2228DFBE00857EC9 /* DeliverableExample */,
				7895257B2228DFBE00857EC9 /* Products */,
				78C26F7B222A696E004C27B7 /* Frameworks */,
			);
			sourceTree = "<group>";
		};
		7895257B2228DFBE00857EC9 /* Products */ = {
			isa = PBXGroup;
			children = (
				7895257A2228DFBE00857EC9 /* DeliverableExample.app */,
			);
			name = Products;
			sourceTree = "<group>";
		};
		7895257C2228DFBE00857EC9 /* DeliverableExample */ = {
			isa = PBXGroup;
			children = (
				7895257D2228DFBE00857EC9 /* AppDelegate.swift */,
				7895257F2228DFBE00857EC9 /* ViewController.swift */,
				78C26F81222A69C4004C27B7 /* SignupInformation.swift */,
				78C26F85222A7666004C27B7 /* GatherSignupInformation.swift */,
				789525812228DFBE00857EC9 /* Main.storyboard */,
				789525842228DFBF00857EC9 /* Assets.xcassets */,
				789525862228DFBF00857EC9 /* LaunchScreen.storyboard */,
				789525892228DFBF00857EC9 /* Info.plist */,
			);
			path = DeliverableExample;
			sourceTree = "<group>";
		};
		78C26F7B222A696E004C27B7 /* Frameworks */ = {
			isa = PBXGroup;
			children = (
				78C26F7C222A696E004C27B7 /* Deliverable.framework */,
			);
			name = Frameworks;
			sourceTree = "<group>";
		};
/* End PBXGroup section */

/* Begin PBXNativeTarget section */
		789525792228DFBE00857EC9 /* DeliverableExample */ = {
			isa = PBXNativeTarget;
			buildConfigurationList = 7895258C2228DFBF00857EC9 /* Build configuration list for PBXNativeTarget "DeliverableExample" */;
			buildPhases = (
				789525762228DFBE00857EC9 /* Sources */,
				789525772228DFBE00857EC9 /* Frameworks */,
				789525782228DFBE00857EC9 /* Resources */,
				78C26F80222A697A004C27B7 /* Embed Frameworks */,
			);
			buildRules = (
			);
			dependencies = (
			);
			name = DeliverableExample;
			productName = DeliverableExample;
			productReference = 7895257A2228DFBE00857EC9 /* DeliverableExample.app */;
			productType = "com.apple.product-type.application";
		};
/* End PBXNativeTarget section */

/* Begin PBXProject section */
		789525722228DFBE00857EC9 /* Project object */ = {
			isa = PBXProject;
			attributes = {
				LastSwiftUpdateCheck = 1010;
				LastUpgradeCheck = 1010;
				ORGANIZATIONNAME = "Dave Poirier";
				TargetAttributes = {
					789525792228DFBE00857EC9 = {
						CreatedOnToolsVersion = 10.1;
					};
				};
			};
			buildConfigurationList = 789525752228DFBE00857EC9 /* Build configuration list for PBXProject "DeliverableExample" */;
			compatibilityVersion = "Xcode 9.3";
			developmentRegion = en;
			hasScannedForEncodings = 0;
			knownRegions = (
				en,
				Base,
			);
			mainGroup = 789525712228DFBE00857EC9;
			productRefGroup = 7895257B2228DFBE00857EC9 /* Products */;
			projectDirPath = "";
			projectRoot = "";
			targets = (
				789525792228DFBE00857EC9 /* DeliverableExample */,
			);
		};
/* End PBXProject section */

/* Begin PBXResourcesBuildPhase section */
		789525782228DFBE00857EC9 /* Resources */ = {
			isa = PBXResourcesBuildPhase;
			buildActionMask = 2147483647;
			files = (
				789525882228DFBF00857EC9 /* LaunchScreen.storyboard in Resources */,
				789525852228DFBF00857EC9 /* Assets.xcassets in Resources */,
				789525832228DFBE00857EC9 /* Main.storyboard in Resources */,
			);
			runOnlyForDeploymentPostprocessing = 0;
		};
/* End PBXResourcesBuildPhase section */

/* Begin PBXSourcesBuildPhase section */
		789525762228DFBE00857EC9 /* Sources */ = {
			isa = PBXSourcesBuildPhase;
			buildActionMask = 2147483647;
			files = (
				789525802228DFBE00857EC9 /* ViewController.swift in Sources */,
				78C26F82222A69C4004C27B7 /* SignupInformation.swift in Sources */,
				7895257E2228DFBE00857EC9 /* AppDelegate.swift in Sources */,
				78C26F86222A7666004C27B7 /* GatherSignupInformation.swift in Sources */,
			);
			runOnlyForDeploymentPostprocessing = 0;
		};
/* End PBXSourcesBuildPhase section */

/* Begin PBXVariantGroup section */
		789525812228DFBE00857EC9 /* Main.storyboard */ = {
			isa = PBXVariantGroup;
			children = (
				789525822228DFBE00857EC9 /* Base */,
			);
			name = Main.storyboard;
			sourceTree = "<group>";
		};
		789525862228DFBF00857EC9 /* LaunchScreen.storyboard */ = {
			isa = PBXVariantGroup;
			children = (
				789525872228DFBF00857EC9 /* Base */,
			);
			name = LaunchScreen.storyboard;
			sourceTree = "<group>";
		};
/* End PBXVariantGroup section */

/* Begin XCBuildConfiguration section */
		7895258A2228DFBF00857EC9 /* Debug */ = {
			isa = XCBuildConfiguration;
			buildSettings = {
				ALWAYS_SEARCH_USER_PATHS = NO;
				CLANG_ANALYZER_NONNULL = YES;
				CLANG_ANALYZER_NUMBER_OBJECT_CONVERSION = YES_AGGRESSIVE;
				CLANG_CXX_LANGUAGE_STANDARD = "gnu++14";
				CLANG_CXX_LIBRARY = "libc++";
				CLANG_ENABLE_MODULES = YES;
				CLANG_ENABLE_OBJC_ARC = YES;
				CLANG_ENABLE_OBJC_WEAK = YES;
				CLANG_WARN_BLOCK_CAPTURE_AUTORELEASING = YES;
				CLANG_WARN_BOOL_CONVERSION = YES;
				CLANG_WARN_COMMA = YES;
				CLANG_WARN_CONSTANT_CONVERSION = YES;
				CLANG_WARN_DEPRECATED_OBJC_IMPLEMENTATIONS = YES;
				CLANG_WARN_DIRECT_OBJC_ISA_USAGE = YES_ERROR;
				CLANG_WARN_DOCUMENTATION_COMMENTS = YES;
				CLANG_WARN_EMPTY_BODY = YES;
				CLANG_WARN_ENUM_CONVERSION = YES;
				CLANG_WARN_INFINITE_RECURSION = YES;
				CLANG_WARN_INT_CONVERSION = YES;
				CLANG_WARN_NON_LITERAL_NULL_CONVERSION = YES;
				CLANG_WARN_OBJC_IMPLICIT_RETAIN_SELF = YES;
				CLANG_WARN_OBJC_LITERAL_CONVERSION = YES;
				CLANG_WARN_OBJC_ROOT_CLASS = YES_ERROR;
				CLANG_WARN_RANGE_LOOP_ANALYSIS = YES;
				CLANG_WARN_STRICT_PROTOTYPES = YES;
				CLANG_WARN_SUSPICIOUS_MOVE = YES;
				CLANG_WARN_UNGUARDED_AVAILABILITY = YES_AGGRESSIVE;
				CLANG_WARN_UNREACHABLE_CODE = YES;
				CLANG_WARN__DUPLICATE_METHOD_MATCH = YES;
				CODE_SIGN_IDENTITY = "iPhone Developer";
				COPY_PHASE_STRIP = NO;
				DEBUG_INFORMATION_FORMAT = dwarf;
				ENABLE_STRICT_OBJC_MSGSEND = YES;
				ENABLE_TESTABILITY = YES;
				GCC_C_LANGUAGE_STANDARD = gnu11;
				GCC_DYNAMIC_NO_PIC = NO;
				GCC_NO_COMMON_BLOCKS = YES;
				GCC_OPTIMIZATION_LEVEL = 0;
				GCC_PREPROCESSOR_DEFINITIONS = (
					"DEBUG=1",
					"$(inherited)",
				);
				GCC_WARN_64_TO_32_BIT_CONVERSION = YES;
				GCC_WARN_ABOUT_RETURN_TYPE = YES_ERROR;
				GCC_WARN_UNDECLARED_SELECTOR = YES;
				GCC_WARN_UNINITIALIZED_AUTOS = YES_AGGRESSIVE;
				GCC_WARN_UNUSED_FUNCTION = YES;
				GCC_WARN_UNUSED_VARIABLE = YES;
				IPHONEOS_DEPLOYMENT_TARGET = 12.1;
				MTL_ENABLE_DEBUG_INFO = INCLUDE_SOURCE;
				MTL_FAST_MATH = YES;
				ONLY_ACTIVE_ARCH = YES;
				SDKROOT = iphoneos;
				SWIFT_ACTIVE_COMPILATION_CONDITIONS = DEBUG;
				SWIFT_OPTIMIZATION_LEVEL = "-Onone";
			};
			name = Debug;
		};
		7895258B2228DFBF00857EC9 /* Release */ = {
			isa = XCBuildConfiguration;
			buildSettings = {
				ALWAYS_SEARCH_USER_PATHS = NO;
				CLANG_ANALYZER_NONNULL = YES;
				CLANG_ANALYZER_NUMBER_OBJECT_CONVERSION = YES_AGGRESSIVE;
				CLANG_CXX_LANGUAGE_STANDARD = "gnu++14";
				CLANG_CXX_LIBRARY = "libc++";
				CLANG_ENABLE_MODULES = YES;
				CLANG_ENABLE_OBJC_ARC = YES;
				CLANG_ENABLE_OBJC_WEAK = YES;
				CLANG_WARN_BLOCK_CAPTURE_AUTORELEASING = YES;
				CLANG_WARN_BOOL_CONVERSION = YES;
				CLANG_WARN_COMMA = YES;
				CLANG_WARN_CONSTANT_CONVERSION = YES;
				CLANG_WARN_DEPRECATED_OBJC_IMPLEMENTATIONS = YES;
				CLANG_WARN_DIRECT_OBJC_ISA_USAGE = YES_ERROR;
				CLANG_WARN_DOCUMENTATION_COMMENTS = YES;
				CLANG_WARN_EMPTY_BODY = YES;
				CLANG_WARN_ENUM_CONVERSION = YES;
				CLANG_WARN_INFINITE_RECURSION = YES;
				CLANG_WARN_INT_CONVERSION = YES;
				CLANG_WARN_NON_LITERAL_NULL_CONVERSION = YES;
				CLANG_WARN_OBJC_IMPLICIT_RETAIN_SELF = YES;
				CLANG_WARN_OBJC_LITERAL_CONVERSION = YES;
				CLANG_WARN_OBJC_ROOT_CLASS = YES_ERROR;
				CLANG_WARN_RANGE_LOOP_ANALYSIS = YES;
				CLANG_WARN_STRICT_PROTOTYPES = YES;
				CLANG_WARN_SUSPICIOUS_MOVE = YES;
				CLANG_WARN_UNGUARDED_AVAILABILITY = YES_AGGRESSIVE;
				CLANG_WARN_UNREACHABLE_CODE = YES;
				CLANG_WARN__DUPLICATE_METHOD_MATCH = YES;
				CODE_SIGN_IDENTITY = "iPhone Developer";
				COPY_PHASE_STRIP = NO;
				DEBUG_INFORMATION_FORMAT = "dwarf-with-dsym";
				ENABLE_NS_ASSERTIONS = NO;
				ENABLE_STRICT_OBJC_MSGSEND = YES;
				GCC_C_LANGUAGE_STANDARD = gnu11;
				GCC_NO_COMMON_BLOCKS = YES;
				GCC_WARN_64_TO_32_BIT_CONVERSION = YES;
				GCC_WARN_ABOUT_RETURN_TYPE = YES_ERROR;
				GCC_WARN_UNDECLARED_SELECTOR = YES;
				GCC_WARN_UNINITIALIZED_AUTOS = YES_AGGRESSIVE;
				GCC_WARN_UNUSED_FUNCTION = YES;
				GCC_WARN_UNUSED_VARIABLE = YES;
				IPHONEOS_DEPLOYMENT_TARGET = 12.1;
				MTL_ENABLE_DEBUG_INFO = NO;
				MTL_FAST_MATH = YES;
				SDKROOT = iphoneos;
				SWIFT_COMPILATION_MODE = wholemodule;
				SWIFT_OPTIMIZATION_LEVEL = "-O";
				VALIDATE_PRODUCT = YES;
			};
			name = Release;
		};
		7895258D2228DFBF00857EC9 /* Debug */ = {
			isa = XCBuildConfiguration;
			buildSettings = {
				ASSETCATALOG_COMPILER_APPICON_NAME = AppIcon;
				CODE_SIGN_STYLE = Automatic;
				INFOPLIST_FILE = DeliverableExample/Info.plist;
				LD_RUNPATH_SEARCH_PATHS = (
					"$(inherited)",
					"@executable_path/Frameworks",
				);
				PRODUCT_BUNDLE_IDENTIFIER = io.soft.DeliverableExample;
				PRODUCT_NAME = "$(TARGET_NAME)";
				SWIFT_VERSION = 4.2;
				TARGETED_DEVICE_FAMILY = "1,2";
			};
			name = Debug;
		};
		7895258E2228DFBF00857EC9 /* Release */ = {
			isa = XCBuildConfiguration;
			buildSettings = {
				ASSETCATALOG_COMPILER_APPICON_NAME = AppIcon;
				CODE_SIGN_STYLE = Automatic;
				INFOPLIST_FILE = DeliverableExample/Info.plist;
				LD_RUNPATH_SEARCH_PATHS = (
					"$(inherited)",
					"@executable_path/Frameworks",
				);
				PRODUCT_BUNDLE_IDENTIFIER = io.soft.DeliverableExample;
				PRODUCT_NAME = "$(TARGET_NAME)";
				SWIFT_VERSION = 4.2;
				TARGETED_DEVICE_FAMILY = "1,2";
			};
			name = Release;
		};
/* End XCBuildConfiguration section */

/* Begin XCConfigurationList section */
		789525752228DFBE00857EC9 /* Build configuration list for PBXProject "DeliverableExample" */ = {
			isa = XCConfigurationList;
			buildConfigurations = (
				7895258A2228DFBF00857EC9 /* Debug */,
				7895258B2228DFBF00857EC9 /* Release */,
			);
			defaultConfigurationIsVisible = 0;
			defaultConfigurationName = Release;
		};
		7895258C2228DFBF00857EC9 /* Build configuration list for PBXNativeTarget "DeliverableExample" */ = {
			isa = XCConfigurationList;
			buildConfigurations = (
				7895258D2228DFBF00857EC9 /* Debug */,
				7895258E2228DFBF00857EC9 /* Release */,
			);
			defaultConfigurationIsVisible = 0;
			defaultConfigurationName = Release;
		};
/* End XCConfigurationList section */
	};
	rootObject = 789525722228DFBE00857EC9 /* Project object */;
}
